{
  "version": 4,
  "terraform_version": "1.13.3",
  "serial": 41,
  "lineage": "d30c0d6e-d1cd-49af-cae6-d2c26abaab48",
  "outputs": {},
  "resources": [
    {
      "mode": "managed",
      "type": "docker_container",
      "name": "jenkins-agent",
      "provider": "provider[\"registry.terraform.io/kreuzwerker/docker\"]",
      "instances": [
        {
          "schema_version": 2,
          "attributes": {
            "attach": false,
            "bridge": "",
            "capabilities": [],
            "cgroupns_mode": null,
            "command": [],
            "container_logs": null,
            "container_read_refresh_timeout_milliseconds": 15000,
            "cpu_set": "",
            "cpu_shares": 0,
            "destroy_grace_seconds": null,
            "devices": [],
            "dns": null,
            "dns_opts": null,
            "dns_search": null,
            "domainname": "",
            "entrypoint": [
              "setup-sshd"
            ],
            "env": [
              "DOCKER_HOST=unix:///var/run/docker.sock"
            ],
            "exit_code": null,
            "gpus": null,
            "group_add": null,
            "healthcheck": null,
            "host": [],
            "hostname": "c015e8ba9e77",
            "id": "c015e8ba9e772521abfa3902bd733256bcc1f481efd8193a0d228dc2812af23e",
            "image": "sha256:f3eecba8ec0828da48d79788a2fcb925d493ad33d23621c2400f792cb97629fb",
            "init": false,
            "ipc_mode": "private",
            "labels": [],
            "log_driver": "json-file",
            "log_opts": null,
            "logs": false,
            "max_retry_count": 0,
            "memory": 0,
            "memory_swap": 0,
            "mounts": [],
            "must_run": true,
            "name": "jenkins-agent",
            "network_data": [
              {
                "gateway": "172.17.0.1",
                "global_ipv6_address": "",
                "global_ipv6_prefix_length": 0,
                "ip_address": "172.17.0.2",
                "ip_prefix_length": 16,
                "ipv6_gateway": "",
                "mac_address": "5e:26:4e:4d:ee:e3",
                "network_name": "bridge"
              }
            ],
            "network_mode": "bridge",
            "networks_advanced": [],
            "pid_mode": "",
            "ports": [
              {
                "external": 22,
                "internal": 22,
                "ip": "0.0.0.0",
                "protocol": "tcp"
              },
              {
                "external": 9100,
                "internal": 9001,
                "ip": "0.0.0.0",
                "protocol": "tcp"
              }
            ],
            "privileged": true,
            "publish_all_ports": false,
            "read_only": false,
            "remove_volumes": true,
            "restart": "no",
            "rm": false,
            "runtime": "runc",
            "security_opts": [
              "label=disable"
            ],
            "shm_size": 64,
            "start": true,
            "stdin_open": false,
            "stop_signal": "",
            "stop_timeout": 0,
            "storage_opts": null,
            "sysctls": null,
            "tmpfs": null,
            "tty": false,
            "ulimit": [],
            "upload": [],
            "user": "root",
            "userns_mode": "",
            "volumes": [
              {
                "container_path": "/home/jenkins/.ssh/authorized_keys",
                "from_container": "",
                "host_path": "/home/dqminh/code/hello-world-piggy-cicd/terraform-jenkins/jenkins-agent/ssh/jenkins-agent.pub",
                "read_only": null,
                "volume_name": ""
              },
              {
                "container_path": "/var/run/docker.sock",
                "from_container": "",
                "host_path": "/var/run/docker.sock",
                "read_only": null,
                "volume_name": ""
              }
            ],
            "wait": false,
            "wait_timeout": 60,
            "working_dir": "/home/jenkins"
          },
          "sensitive_attributes": [],
          "identity_schema_version": 0,
          "private": "eyJzY2hlbWFfdmVyc2lvbiI6IjIifQ==",
          "dependencies": [
            "docker_image.jenkins_agent"
          ]
        }
      ]
    },
    {
      "mode": "managed",
      "type": "docker_container",
      "name": "jenkins-controller",
      "provider": "provider[\"registry.terraform.io/kreuzwerker/docker\"]",
      "instances": [
        {
          "schema_version": 2,
          "attributes": {
            "attach": false,
            "bridge": "",
            "capabilities": [],
            "cgroupns_mode": null,
            "command": [],
            "container_logs": null,
            "container_read_refresh_timeout_milliseconds": 15000,
            "cpu_set": "",
            "cpu_shares": 0,
            "destroy_grace_seconds": null,
            "devices": [],
            "dns": null,
            "dns_opts": null,
            "dns_search": null,
            "domainname": "",
            "entrypoint": [
              "/usr/bin/tini",
              "--",
              "/usr/local/bin/jenkins.sh"
            ],
            "env": [
              "DOCKER_HOST=unix:///var/run/docker.sock"
            ],
            "exit_code": null,
            "gpus": null,
            "group_add": null,
            "healthcheck": null,
            "host": [],
            "hostname": "405379e34d70",
            "id": "405379e34d709bc52af194bf8209c6279d4e53aea04cdf057c3da86b713abe9a",
            "image": "sha256:79d081a365a1652df714eb51ae497e9f3974d172f7644288cee3dd781e28cd15",
            "init": false,
            "ipc_mode": "private",
            "labels": [],
            "log_driver": "json-file",
            "log_opts": null,
            "logs": false,
            "max_retry_count": 0,
            "memory": 0,
            "memory_swap": 0,
            "mounts": [],
            "must_run": true,
            "name": "jenkins-controller",
            "network_data": [
              {
                "gateway": "172.17.0.1",
                "global_ipv6_address": "",
                "global_ipv6_prefix_length": 0,
                "ip_address": "172.17.0.3",
                "ip_prefix_length": 16,
                "ipv6_gateway": "",
                "mac_address": "56:97:14:25:9a:c0",
                "network_name": "bridge"
              }
            ],
            "network_mode": "bridge",
            "networks_advanced": [],
            "pid_mode": "",
            "ports": [
              {
                "external": 9091,
                "internal": 8080,
                "ip": "0.0.0.0",
                "protocol": "tcp"
              },
              {
                "external": 50000,
                "internal": 50000,
                "ip": "0.0.0.0",
                "protocol": "tcp"
              }
            ],
            "privileged": true,
            "publish_all_ports": false,
            "read_only": false,
            "remove_volumes": true,
            "restart": "on-failure",
            "rm": false,
            "runtime": "runc",
            "security_opts": [
              "label=disable"
            ],
            "shm_size": 64,
            "start": true,
            "stdin_open": false,
            "stop_signal": "",
            "stop_timeout": 0,
            "storage_opts": null,
            "sysctls": null,
            "tmpfs": null,
            "tty": false,
            "ulimit": [],
            "upload": [],
            "user": "root",
            "userns_mode": "",
            "volumes": [
              {
                "container_path": "/var/jenkins_home",
                "from_container": "",
                "host_path": "/home/dqminh/code/hello-world-piggy-cicd/terraform-jenkins/jenkins-controller/data",
                "read_only": null,
                "volume_name": ""
              },
              {
                "container_path": "/var/run/docker.sock",
                "from_container": "",
                "host_path": "/var/run/docker.sock",
                "read_only": null,
                "volume_name": ""
              }
            ],
            "wait": false,
            "wait_timeout": 60,
            "working_dir": ""
          },
          "sensitive_attributes": [],
          "identity_schema_version": 0,
          "private": "eyJzY2hlbWFfdmVyc2lvbiI6IjIifQ==",
          "dependencies": [
            "docker_image.jenkins_controller"
          ]
        }
      ]
    },
    {
      "mode": "managed",
      "type": "docker_image",
      "name": "jenkins_agent",
      "provider": "provider[\"registry.terraform.io/kreuzwerker/docker\"]",
      "instances": [
        {
          "schema_version": 0,
          "attributes": {
            "build": [],
            "force_remove": null,
            "id": "sha256:f3eecba8ec0828da48d79788a2fcb925d493ad33d23621c2400f792cb97629fbjenkins-agent:latest",
            "image_id": "sha256:f3eecba8ec0828da48d79788a2fcb925d493ad33d23621c2400f792cb97629fb",
            "keep_locally": null,
            "name": "jenkins-agent:latest",
            "platform": null,
            "pull_triggers": null,
            "repo_digest": "",
            "triggers": null
          },
          "sensitive_attributes": [],
          "identity_schema_version": 0,
          "private": "bnVsbA=="
        }
      ]
    },
    {
      "mode": "managed",
      "type": "docker_image",
      "name": "jenkins_controller",
      "provider": "provider[\"registry.terraform.io/kreuzwerker/docker\"]",
      "instances": [
        {
          "schema_version": 0,
          "attributes": {
            "build": [],
            "force_remove": null,
            "id": "sha256:79d081a365a1652df714eb51ae497e9f3974d172f7644288cee3dd781e28cd15jenkins/jenkins:lts",
            "image_id": "sha256:79d081a365a1652df714eb51ae497e9f3974d172f7644288cee3dd781e28cd15",
            "keep_locally": null,
            "name": "jenkins/jenkins:lts",
            "platform": null,
            "pull_triggers": null,
            "repo_digest": "jenkins/jenkins@sha256:ace160331258aeff24581038e63ec5b5e8e969cebc9582a5ac7f0ed9fd20043b",
            "triggers": null
          },
          "sensitive_attributes": [],
          "identity_schema_version": 0,
          "private": "bnVsbA=="
        }
      ]
    }
  ],
  "check_results": null
}
